
Microsoft Visual Studio Solution File, Format Version 12.00
# Visual Studio Version 17
VisualStudioVersion = 17.9.34728.123
MinimumVisualStudioVersion = 10.0.40219.1
Project("{FAE04EC0-301F-11D3-BF4B-00C04F79EFBC}") = "WebApi", "WebApi.csproj", "{BEF38125-3B08-4F65-8A0D-C8F89FA23ED1}"
EndProject
Global
	GlobalSection(SolutionConfigurationPlatforms) = preSolution
		Debug|Any CPU = Debug|Any CPU
		Release|Any CPU = Release|Any CPU
	EndGlobalSection
	GlobalSection(ProjectConfigurationPlatforms) = postSolution
		{BEF38125-3B08-4F65-8A0D-C8F89FA23ED1}.Debug|Any CPU.ActiveCfg = Debug|Any CPU
		{BEF38125-3B08-4F65-8A0D-C8F89FA23ED1}.Debug|Any CPU.Build.0 = Debug|Any CPU
		{BEF38125-3B08-4F65-8A0D-C8F89FA23ED1}.Release|Any CPU.ActiveCfg = Release|Any CPU
		{BEF38125-3B08-4F65-8A0D-C8F89FA23ED1}.Release|Any CPU.Build.0 = Release|Any CPU
	EndGlobalSection
	GlobalSection(SolutionProperties) = preSolution
		HideSolutionNode = FALSE
	EndGlobalSection
	GlobalSection(ExtensibilityGlobals) = postSolution
		SolutionGuid = {D56A1CEB-4A40-4FA3-803D-4C3F93E0D907}
	EndGlobalSection
EndGlobal
